// !$*UTF8*$!
{
	archiveVersion = 1;
	classes = {
	};
	objectVersion = 46;
	objects = {

/* Begin PBXBuildFile section */
		D833E7D61F32BD5F00E4CAF2 /* main.m in Sources */ = {isa = PBXBuildFile; fileRef = D833E7D51F32BD5F00E4CAF2 /* main.m */; };
		D833E7D91F32BD5F00E4CAF2 /* AppDelegate.m in Sources */ = {isa = PBXBuildFile; fileRef = D833E7D81F32BD5F00E4CAF2 /* AppDelegate.m */; };
		D833E7DC1F32BD5F00E4CAF2 /* ViewController.m in Sources */ = {isa = PBXBuildFile; fileRef = D833E7DB1F32BD5F00E4CAF2 /* ViewController.m */; };
		D833E7DF1F32BD5F00E4CAF2 /* Main.storyboard in Resources */ = {isa = PBXBuildFile; fileRef = D833E7DD1F32BD5F00E4CAF2 /* Main.storyboard */; };
		D833E7E21F32BD5F00E4CAF2 /* ____.xcdatamodeld in Sources */ = {isa = PBXBuildFile; fileRef = D833E7E01F32BD5F00E4CAF2 /* ____.xcdatamodeld */; };
		D833E7E41F32BD5F00E4CAF2 /* Assets.xcassets in Resources */ = {isa = PBXBuildFile; fileRef = D833E7E31F32BD5F00E4CAF2 /* Assets.xcassets */; };
		D833E7E71F32BD5F00E4CAF2 /* LaunchScreen.storyboard in Resources */ = {isa = PBXBuildFile; fileRef = D833E7E51F32BD5F00E4CAF2 /* LaunchScreen.storyboard */; };
		D833E7F21F32BD5F00E4CAF2 /* ____Tests.m in Sources */ = {isa = PBXBuildFile; fileRef = D833E7F11F32BD5F00E4CAF2 /* ____Tests.m */; };
		D833E7FD1F32BD5F00E4CAF2 /* ____UITests.m in Sources */ = {isa = PBXBuildFile; fileRef = D833E7FC1F32BD5F00E4CAF2 /* ____UITests.m */; };
		D833E80D1F32BFDF00E4CAF2 /* BViewController.m in Sources */ = {isa = PBXBuildFile; fileRef = D833E80B1F32BFDF00E4CAF2 /* BViewController.m */; };
		D833E80E1F32BFDF00E4CAF2 /* BViewController.xib in Resources */ = {isa = PBXBuildFile; fileRef = D833E80C1F32BFDF00E4CAF2 /* BViewController.xib */; };
		D833E8151F32C45700E4CAF2 /* KBlockViewController.m in Sources */ = {isa = PBXBuildFile; fileRef = D833E8131F32C45700E4CAF2 /* KBlockViewController.m */; };
		D833E8161F32C45700E4CAF2 /* KBlockViewController.xib in Resources */ = {isa = PBXBuildFile; fileRef = D833E8141F32C45700E4CAF2 /* KBlockViewController.xib */; };
/* End PBXBuildFile section */

/* Begin PBXContainerItemProxy section */
		D833E7EE1F32BD5F00E4CAF2 /* PBXContainerItemProxy */ = {
			isa = PBXContainerItemProxy;
			containerPortal = D833E7C91F32BD5E00E4CAF2 /* Project object */;
			proxyType = 1;
			remoteGlobalIDString = D833E7D01F32BD5E00E4CAF2;
			remoteInfo = "反向传值";
		};
		D833E7F91F32BD5F00E4CAF2 /* PBXContainerItemProxy */ = {
			isa = PBXContainerItemProxy;
			containerPortal = D833E7C91F32BD5E00E4CAF2 /* Project object */;
			proxyType = 1;
			remoteGlobalIDString = D833E7D01F32BD5E00E4CAF2;
			remoteInfo = "反向传值";
		};
/* End PBXContainerItemProxy section */

/* Begin PBXFileReference section */
		D833E7D11F32BD5F00E4CAF2 /* 反向传值.app */ = {isa = PBXFileReference; explicitFileType = wrapper.application; includeInIndex = 0; path = "反向传值.app"; sourceTree = BUILT_PRODUCTS_DIR; };
		D833E7D51F32BD5F00E4CAF2 /* main.m */ = {isa = PBXFileReference; lastKnownFileType = sourcecode.c.objc; path = main.m; sourceTree = "<group>"; };
		D833E7D71F32BD5F00E4CAF2 /* AppDelegate.h */ = {isa = PBXFileReference; lastKnownFileType = sourcecode.c.h; path = AppDelegate.h; sourceTree = "<group>"; };
		D833E7D81F32BD5F00E4CAF2 /* AppDelegate.m */ = {isa = PBXFileReference; lastKnownFileType = sourcecode.c.objc; path = AppDelegate.m; sourceTree = "<group>"; };
		D833E7DA1F32BD5F00E4CAF2 /* ViewController.h */ = {isa = PBXFileReference; lastKnownFileType = sourcecode.c.h; path = ViewController.h; sourceTree = "<group>"; };
		D833E7DB1F32BD5F00E4CAF2 /* ViewController.m */ = {isa = PBXFileReference; lastKnownFileType = sourcecode.c.objc; path = ViewController.m; sourceTree = "<group>"; };
		D833E7DE1F32BD5F00E4CAF2 /* Base */ = {isa = PBXFileReference; lastKnownFileType = file.storyboard; name = Base; path = Base.lproj/Main.storyboard; sourceTree = "<group>"; };
		D833E7E11F32BD5F00E4CAF2 /* ____.xcdatamodel */ = {isa = PBXFileReference; lastKnownFileType = wrapper.xcdatamodel; path = "____.xcdatamodel"; sourceTree = "<group>"; };
		D833E7E31F32BD5F00E4CAF2 /* Assets.xcassets */ = {isa = PBXFileReference; lastKnownFileType = folder.assetcatalog; path = Assets.xcassets; sourceTree = "<group>"; };
		D833E7E61F32BD5F00E4CAF2 /* Base */ = {isa = PBXFileReference; lastKnownFileType = file.storyboard; name = Base; path = Base.lproj/LaunchScreen.storyboard; sourceTree = "<group>"; };
		D833E7E81F32BD5F00E4CAF2 /* Info.plist */ = {isa = PBXFileReference; lastKnownFileType = text.plist.xml; path = Info.plist; sourceTree = "<group>"; };
		D833E7ED1F32BD5F00E4CAF2 /* 反向传值Tests.xctest */ = {isa = PBXFileReference; explicitFileType = wrapper.cfbundle; includeInIndex = 0; path = "反向传值Tests.xctest"; sourceTree = BUILT_PRODUCTS_DIR; };
		D833E7F11F32BD5F00E4CAF2 /* ____Tests.m */ = {isa = PBXFileReference; lastKnownFileType = sourcecode.c.objc; path = "____Tests.m"; sourceTree = "<group>"; };
		D833E7F31F32BD5F00E4CAF2 /* Info.plist */ = {isa = PBXFileReference; lastKnownFileType = text.plist.xml; path = Info.plist; sourceTree = "<group>"; };
		D833E7F81F32BD5F00E4CAF2 /* 反向传值UITests.xctest */ = {isa = PBXFileReference; explicitFileType = wrapper.cfbundle; includeInIndex = 0; path = "反向传值UITests.xctest"; sourceTree = BUILT_PRODUCTS_DIR; };
		D833E7FC1F32BD5F00E4CAF2 /* ____UITests.m */ = {isa = PBXFileReference; lastKnownFileType = sourcecode.c.objc; path = "____UITests.m"; sourceTree = "<group>"; };
		D833E7FE1F32BD5F00E4CAF2 /* Info.plist */ = {isa = PBXFileReference; lastKnownFileType = text.plist.xml; path = Info.plist; sourceTree = "<group>"; };
		D833E80A1F32BFDF00E4CAF2 /* BViewController.h */ = {isa = PBXFileReference; fileEncoding = 4; lastKnownFileType = sourcecode.c.h; path = BViewController.h; sourceTree = "<group>"; };
		D833E80B1F32BFDF00E4CAF2 /* BViewController.m */ = {isa = PBXFileReference; fileEncoding = 4; lastKnownFileType = sourcecode.c.objc; path = BViewController.m; sourceTree = "<group>"; };
		D833E80C1F32BFDF00E4CAF2 /* BViewController.xib */ = {isa = PBXFileReference; fileEncoding = 4; lastKnownFileType = file.xib; path = BViewController.xib; sourceTree = "<group>"; };
		D833E8121F32C45700E4CAF2 /* KBlockViewController.h */ = {isa = PBXFileReference; fileEncoding = 4; lastKnownFileType = sourcecode.c.h; path = KBlockViewController.h; sourceTree = "<group>"; };
		D833E8131F32C45700E4CAF2 /* KBlockViewController.m */ = {isa = PBXFileReference; fileEncoding = 4; lastKnownFileType = sourcecode.c.objc; path = KBlockViewController.m; sourceTree = "<group>"; };
		D833E8141F32C45700E4CAF2 /* KBlockViewController.xib */ = {isa = PBXFileReference; fileEncoding = 4; lastKnownFileType = file.xib; path = KBlockViewController.xib; sourceTree = "<group>"; };
/* End PBXFileReference section */

/* Begin PBXFrameworksBuildPhase section */
		D833E7CE1F32BD5E00E4CAF2 /* Frameworks */ = {
			isa = PBXFrameworksBuildPhase;
			buildActionMask = 2147483647;
			files = (
			);
			runOnlyForDeploymentPostprocessing = 0;
		};
		D833E7EA1F32BD5F00E4CAF2 /* Frameworks */ = {
			isa = PBXFrameworksBuildPhase;
			buildActionMask = 2147483647;
			files = (
			);
			runOnlyForDeploymentPostprocessing = 0;
		};
		D833E7F51F32BD5F00E4CAF2 /* Frameworks */ = {
			isa = PBXFrameworksBuildPhase;
			buildActionMask = 2147483647;
			files = (
			);
			runOnlyForDeploymentPostprocessing = 0;
		};
/* End PBXFrameworksBuildPhase section */

/* Begin PBXGroup section */
		D833E7C81F32BD5E00E4CAF2 = {
			isa = PBXGroup;
			children = (
				D833E7D31F32BD5F00E4CAF2 /* 反向传值 */,
				D833E7F01F32BD5F00E4CAF2 /* 反向传值Tests */,
				D833E7FB1F32BD5F00E4CAF2 /* 反向传值UITests */,
				D833E7D21F32BD5F00E4CAF2 /* Products */,
			);
			sourceTree = "<group>";
		};
		D833E7D21F32BD5F00E4CAF2 /* Products */ = {
			isa = PBXGroup;
			children = (
				D833E7D11F32BD5F00E4CAF2 /* 反向传值.app */,
				D833E7ED1F32BD5F00E4CAF2 /* 反向传值Tests.xctest */,
				D833E7F81F32BD5F00E4CAF2 /* 反向传值UITests.xctest */,
			);
			name = Products;
			sourceTree = "<group>";
		};
		D833E7D31F32BD5F00E4CAF2 /* 反向传值 */ = {
			isa = PBXGroup;
			children = (
				D833E7D71F32BD5F00E4CAF2 /* AppDelegate.h */,
				D833E7D81F32BD5F00E4CAF2 /* AppDelegate.m */,
				D833E7DA1F32BD5F00E4CAF2 /* ViewController.h */,
				D833E7DB1F32BD5F00E4CAF2 /* ViewController.m */,
				D833E7DD1F32BD5F00E4CAF2 /* Main.storyboard */,
				D833E80A1F32BFDF00E4CAF2 /* BViewController.h */,
				D833E80B1F32BFDF00E4CAF2 /* BViewController.m */,
				D833E80C1F32BFDF00E4CAF2 /* BViewController.xib */,
				D833E8121F32C45700E4CAF2 /* KBlockViewController.h */,
				D833E8131F32C45700E4CAF2 /* KBlockViewController.m */,
				D833E8141F32C45700E4CAF2 /* KBlockViewController.xib */,
				D833E7E31F32BD5F00E4CAF2 /* Assets.xcassets */,
				D833E7E51F32BD5F00E4CAF2 /* LaunchScreen.storyboard */,
				D833E7E81F32BD5F00E4CAF2 /* Info.plist */,
				D833E7E01F32BD5F00E4CAF2 /* ____.xcdatamodeld */,
				D833E7D41F32BD5F00E4CAF2 /* Supporting Files */,
			);
			path = "反向传值";
			sourceTree = "<group>";
		};
		D833E7D41F32BD5F00E4CAF2 /* Supporting Files */ = {
			isa = PBXGroup;
			children = (
				D833E7D51F32BD5F00E4CAF2 /* main.m */,
			);
			name = "Supporting Files";
			sourceTree = "<group>";
		};
		D833E7F01F32BD5F00E4CAF2 /* 反向传值Tests */ = {
			isa = PBXGroup;
			children = (
				D833E7F11F32BD5F00E4CAF2 /* ____Tests.m */,
				D833E7F31F32BD5F00E4CAF2 /* Info.plist */,
			);
			path = "反向传值Tests";
			sourceTree = "<group>";
		};
		D833E7FB1F32BD5F00E4CAF2 /* 反向传值UITests */ = {
			isa = PBXGroup;
			children = (
				D833E7FC1F32BD5F00E4CAF2 /* ____UITests.m */,
				D833E7FE1F32BD5F00E4CAF2 /* Info.plist */,
			);
			path = "反向传值UITests";
			sourceTree = "<group>";
		};
/* End PBXGroup section */

/* Begin PBXNativeTarget section */
		D833E7D01F32BD5E00E4CAF2 /* 反向传值 */ = {
			isa = PBXNativeTarget;
			buildConfigurationList = D833E8011F32BD5F00E4CAF2 /* Build configuration list for PBXNativeTarget "反向传值" */;
			buildPhases = (
				D833E7CD1F32BD5E00E4CAF2 /* Sources */,
				D833E7CE1F32BD5E00E4CAF2 /* Frameworks */,
				D833E7CF1F32BD5E00E4CAF2 /* Resources */,
			);
			buildRules = (
			);
			dependencies = (
			);
			name = "反向传值";
			productName = "反向传值";
			productReference = D833E7D11F32BD5F00E4CAF2 /* 反向传值.app */;
			productType = "com.apple.product-type.application";
		};
		D833E7EC1F32BD5F00E4CAF2 /* 反向传值Tests */ = {
			isa = PBXNativeTarget;
			buildConfigurationList = D833E8041F32BD5F00E4CAF2 /* Build configuration list for PBXNativeTarget "反向传值Tests" */;
			buildPhases = (
				D833E7E91F32BD5F00E4CAF2 /* Sources */,
				D833E7EA1F32BD5F00E4CAF2 /* Frameworks */,
				D833E7EB1F32BD5F00E4CAF2 /* Resources */,
			);
			buildRules = (
			);
			dependencies = (
				D833E7EF1F32BD5F00E4CAF2 /* PBXTargetDependency */,
			);
			name = "反向传值Tests";
			productName = "反向传值Tests";
			productReference = D833E7ED1F32BD5F00E4CAF2 /* 反向传值Tests.xctest */;
			productType = "com.apple.product-type.bundle.unit-test";
		};
		D833E7F71F32BD5F00E4CAF2 /* 反向传值UITests */ = {
			isa = PBXNativeTarget;
			buildConfigurationList = D833E8071F32BD5F00E4CAF2 /* Build configuration list for PBXNativeTarget "反向传值UITests" */;
			buildPhases = (
				D833E7F41F32BD5F00E4CAF2 /* Sources */,
				D833E7F51F32BD5F00E4CAF2 /* Frameworks */,
				D833E7F61F32BD5F00E4CAF2 /* Resources */,
			);
			buildRules = (
			);
			dependencies = (
				D833E7FA1F32BD5F00E4CAF2 /* PBXTargetDependency */,
			);
			name = "反向传值UITests";
			productName = "反向传值UITests";
			productReference = D833E7F81F32BD5F00E4CAF2 /* 反向传值UITests.xctest */;
			productType = "com.apple.product-type.bundle.ui-testing";
		};
/* End PBXNativeTarget section */

/* Begin PBXProject section */
		D833E7C91F32BD5E00E4CAF2 /* Project object */ = {
			isa = PBXProject;
			attributes = {
				LastUpgradeCheck = 0820;
				ORGANIZATIONNAME = TBB;
				TargetAttributes = {
					D833E7D01F32BD5E00E4CAF2 = {
						CreatedOnToolsVersion = 8.2.1;
						ProvisioningStyle = Automatic;
					};
					D833E7EC1F32BD5F00E4CAF2 = {
						CreatedOnToolsVersion = 8.2.1;
						ProvisioningStyle = Automatic;
						TestTargetID = D833E7D01F32BD5E00E4CAF2;
					};
					D833E7F71F32BD5F00E4CAF2 = {
						CreatedOnToolsVersion = 8.2.1;
						ProvisioningStyle = Automatic;
						TestTargetID = D833E7D01F32BD5E00E4CAF2;
					};
				};
			};
			buildConfigurationList = D833E7CC1F32BD5E00E4CAF2 /* Build configuration list for PBXProject "反向传值" */;
			compatibilityVersion = "Xcode 3.2";
			developmentRegion = English;
			hasScannedForEncodings = 0;
			knownRegions = (
				en,
				Base,
			);
			mainGroup = D833E7C81F32BD5E00E4CAF2;
			productRefGroup = D833E7D21F32BD5F00E4CAF2 /* Products */;
			projectDirPath = "";
			projectRoot = "";
			targets = (
				D833E7D01F32BD5E00E4CAF2 /* 反向传值 */,
				D833E7EC1F32BD5F00E4CAF2 /* 反向传值Tests */,
				D833E7F71F32BD5F00E4CAF2 /* 反向传值UITests */,
			);
		};
/* End PBXProject section */

/* Begin PBXResourcesBuildPhase section */
		D833E7CF1F32BD5E00E4CAF2 /* Resources */ = {
			isa = PBXResourcesBuildPhase;
			buildActionMask = 2147483647;
			files = (
				D833E7E71F32BD5F00E4CAF2 /* LaunchScreen.storyboard in Resources */,
				D833E80E1F32BFDF00E4CAF2 /* BViewController.xib in Resources */,
				D833E8161F32C45700E4CAF2 /* KBlockViewController.xib in Resources */,
				D833E7E41F32BD5F00E4CAF2 /* Assets.xcassets in Resources */,
				D833E7DF1F32BD5F00E4CAF2 /* Main.storyboard in Resources */,
			);
			runOnlyForDeploymentPostprocessing = 0;
		};
		D833E7EB1F32BD5F00E4CAF2 /* Resources */ = {
			isa = PBXResourcesBuildPhase;
			buildActionMask = 2147483647;
			files = (
			);
			runOnlyForDeploymentPostprocessing = 0;
		};
		D833E7F61F32BD5F00E4CAF2 /* Resources */ = {
			isa = PBXResourcesBuildPhase;
			buildActionMask = 2147483647;
			files = (
			);
			runOnlyForDeploymentPostprocessing = 0;
		};
/* End PBXResourcesBuildPhase section */

/* Begin PBXSourcesBuildPhase section */
		D833E7CD1F32BD5E00E4CAF2 /* Sources */ = {
			isa = PBXSourcesBuildPhase;
			buildActionMask = 2147483647;
			files = (
				D833E7DC1F32BD5F00E4CAF2 /* ViewController.m in Sources */,
				D833E7E21F32BD5F00E4CAF2 /* ____.xcdatamodeld in Sources */,
				D833E8151F32C45700E4CAF2 /* KBlockViewController.m in Sources */,
				D833E7D91F32BD5F00E4CAF2 /* AppDelegate.m in Sources */,
				D833E80D1F32BFDF00E4CAF2 /* BViewController.m in Sources */,
				D833E7D61F32BD5F00E4CAF2 /* main.m in Sources */,
			);
			runOnlyForDeploymentPostprocessing = 0;
		};
		D833E7E91F32BD5F00E4CAF2 /* Sources */ = {
			isa = PBXSourcesBuildPhase;
			buildActionMask = 2147483647;
			files = (
				D833E7F21F32BD5F00E4CAF2 /* ____Tests.m in Sources */,
			);
			runOnlyForDeploymentPostprocessing = 0;
		};
		D833E7F41F32BD5F00E4CAF2 /* Sources */ = {
			isa = PBXSourcesBuildPhase;
			buildActionMask = 2147483647;
			files = (
				D833E7FD1F32BD5F00E4CAF2 /* ____UITests.m in Sources */,
			);
			runOnlyForDeploymentPostprocessing = 0;
		};
/* End PBXSourcesBuildPhase section */

/* Begin PBXTargetDependency section */
		D833E7EF1F32BD5F00E4CAF2 /* PBXTargetDependency */ = {
			isa = PBXTargetDependency;
			target = D833E7D01F32BD5E00E4CAF2 /* 反向传值 */;
			targetProxy = D833E7EE1F32BD5F00E4CAF2 /* PBXContainerItemProxy */;
		};
		D833E7FA1F32BD5F00E4CAF2 /* PBXTargetDependency */ = {
			isa = PBXTargetDependency;
			target = D833E7D01F32BD5E00E4CAF2 /* 反向传值 */;
			targetProxy = D833E7F91F32BD5F00E4CAF2 /* PBXContainerItemProxy */;
		};
/* End PBXTargetDependency section */

/* Begin PBXVariantGroup section */
		D833E7DD1F32BD5F00E4CAF2 /* Main.storyboard */ = {
			isa = PBXVariantGroup;
			children = (
				D833E7DE1F32BD5F00E4CAF2 /* Base */,
			);
			name = Main.storyboard;
			sourceTree = "<group>";
		};
		D833E7E51F32BD5F00E4CAF2 /* LaunchScreen.storyboard */ = {
			isa = PBXVariantGroup;
			children = (
				D833E7E61F32BD5F00E4CAF2 /* Base */,
			);
			name = LaunchScreen.storyboard;
			sourceTree = "<group>";
		};
/* End PBXVariantGroup section */

/* Begin XCBuildConfiguration section */
		D833E7FF1F32BD5F00E4CAF2 /* Debug */ = {
			isa = XCBuildConfiguration;
			buildSettings = {
				ALWAYS_SEARCH_USER_PATHS = NO;
				CLANG_ANALYZER_NONNULL = YES;
				CLANG_CXX_LANGUAGE_STANDARD = "gnu++0x";
				CLANG_CXX_LIBRARY = "libc++";
				CLANG_ENABLE_MODULES = YES;
				CLANG_ENABLE_OBJC_ARC = YES;
				CLANG_WARN_BOOL_CONVERSION = YES;
				CLANG_WARN_CONSTANT_CONVERSION = YES;
				CLANG_WARN_DIRECT_OBJC_ISA_USAGE = YES_ERROR;
				CLANG_WARN_DOCUMENTATION_COMMENTS = YES;
				CLANG_WARN_EMPTY_BODY = YES;
				CLANG_WARN_ENUM_CONVERSION = YES;
				CLANG_WARN_INFINITE_RECURSION = YES;
				CLANG_WARN_INT_CONVERSION = YES;
				CLANG_WARN_OBJC_ROOT_CLASS = YES_ERROR;
				CLANG_WARN_SUSPICIOUS_MOVE = YES;
				CLANG_WARN_UNREACHABLE_CODE = YES;
				CLANG_WARN__DUPLICATE_METHOD_MATCH = YES;
				"CODE_SIGN_IDENTITY[sdk=iphoneos*]" = "iPhone Developer";
				COPY_PHASE_STRIP = NO;
				DEBUG_INFORMATION_FORMAT = dwarf;
				ENABLE_STRICT_OBJC_MSGSEND = YES;
				ENABLE_TESTABILITY = YES;
				GCC_C_LANGUAGE_STANDARD = gnu99;
				GCC_DYNAMIC_NO_PIC = NO;
				GCC_NO_COMMON_BLOCKS = YES;
				GCC_OPTIMIZATION_LEVEL = 0;
				GCC_PREPROCESSOR_DEFINITIONS = (
					"DEBUG=1",
					"$(inherited)",
				);
				GCC_WARN_64_TO_32_BIT_CONVERSION = YES;
				GCC_WARN_ABOUT_RETURN_TYPE = YES_ERROR;
				GCC_WARN_UNDECLARED_SELECTOR = YES;
				GCC_WARN_UNINITIALIZED_AUTOS = YES_AGGRESSIVE;
				GCC_WARN_UNUSED_FUNCTION = YES;
				GCC_WARN_UNUSED_VARIABLE = YES;
				IPHONEOS_DEPLOYMENT_TARGET = 10.2;
				MTL_ENABLE_DEBUG_INFO = YES;
				ONLY_ACTIVE_ARCH = YES;
				SDKROOT = iphoneos;
			};
			name = Debug;
		};
		D833E8001F32BD5F00E4CAF2 /* Release */ = {
			isa = XCBuildConfiguration;
			buildSettings = {
				ALWAYS_SEARCH_USER_PATHS = NO;
				CLANG_ANALYZER_NONNULL = YES;
				CLANG_CXX_LANGUAGE_STANDARD = "gnu++0x";
				CLANG_CXX_LIBRARY = "libc++";
				CLANG_ENABLE_MODULES = YES;
				CLANG_ENABLE_OBJC_ARC = YES;
				CLANG_WARN_BOOL_CONVERSION = YES;
				CLANG_WARN_CONSTANT_CONVERSION = YES;
				CLANG_WARN_DIRECT_OBJC_ISA_USAGE = YES_ERROR;
				CLANG_WARN_DOCUMENTATION_COMMENTS = YES;
				CLANG_WARN_EMPTY_BODY = YES;
				CLANG_WARN_ENUM_CONVERSION = YES;
				CLANG_WARN_INFINITE_RECURSION = YES;
				CLANG_WARN_INT_CONVERSION = YES;
				CLANG_WARN_OBJC_ROOT_CLASS = YES_ERROR;
				CLANG_WARN_SUSPICIOUS_MOVE = YES;
				CLANG_WARN_UNREACHABLE_CODE = YES;
				CLANG_WARN__DUPLICATE_METHOD_MATCH = YES;
				"CODE_SIGN_IDENTITY[sdk=iphoneos*]" = "iPhone Developer";
				COPY_PHASE_STRIP = NO;
				DEBUG_INFORMATION_FORMAT = "dwarf-with-dsym";
				ENABLE_NS_ASSERTIONS = NO;
				ENABLE_STRICT_OBJC_MSGSEND = YES;
				GCC_C_LANGUAGE_STANDARD = gnu99;
				GCC_NO_COMMON_BLOCKS = YES;
				GCC_WARN_64_TO_32_BIT_CONVERSION = YES;
				GCC_WARN_ABOUT_RETURN_TYPE = YES_ERROR;
				GCC_WARN_UNDECLARED_SELECTOR = YES;
				GCC_WARN_UNINITIALIZED_AUTOS = YES_AGGRESSIVE;
				GCC_WARN_UNUSED_FUNCTION = YES;
				GCC_WARN_UNUSED_VARIABLE = YES;
				IPHONEOS_DEPLOYMENT_TARGET = 10.2;
				MTL_ENABLE_DEBUG_INFO = NO;
				SDKROOT = iphoneos;
				VALIDATE_PRODUCT = YES;
			};
			name = Release;
		};
		D833E8021F32BD5F00E4CAF2 /* Debug */ = {
			isa = XCBuildConfiguration;
			buildSettings = {
				ASSETCATALOG_COMPILER_APPICON_NAME = AppIcon;
				INFOPLIST_FILE = "反向传值/Info.plist";
				LD_RUNPATH_SEARCH_PATHS = "$(inherited) @executable_path/Frameworks";
				PRODUCT_BUNDLE_IDENTIFIER = "TBB.----";
				PRODUCT_NAME = "$(TARGET_NAME)";
			};
			name = Debug;
		};
		D833E8031F32BD5F00E4CAF2 /* Release */ = {
			isa = XCBuildConfiguration;
			buildSettings = {
				ASSETCATALOG_COMPILER_APPICON_NAME = AppIcon;
				INFOPLIST_FILE = "反向传值/Info.plist";
				LD_RUNPATH_SEARCH_PATHS = "$(inherited) @executable_path/Frameworks";
				PRODUCT_BUNDLE_IDENTIFIER = "TBB.----";
				PRODUCT_NAME = "$(TARGET_NAME)";
			};
			name = Release;
		};
		D833E8051F32BD5F00E4CAF2 /* Debug */ = {
			isa = XCBuildConfiguration;
			buildSettings = {
				BUNDLE_LOADER = "$(TEST_HOST)";
				INFOPLIST_FILE = "反向传值Tests/Info.plist";
				LD_RUNPATH_SEARCH_PATHS = "$(inherited) @executable_path/Frameworks @loader_path/Frameworks";
				PRODUCT_BUNDLE_IDENTIFIER = "TBB.----Tests";
				PRODUCT_NAME = "$(TARGET_NAME)";
				TEST_HOST = "$(BUILT_PRODUCTS_DIR)/反向传值.app/反向传值";
			};
			name = Debug;
		};
		D833E8061F32BD5F00E4CAF2 /* Release */ = {
			isa = XCBuildConfiguration;
			buildSettings = {
				BUNDLE_LOADER = "$(TEST_HOST)";
				INFOPLIST_FILE = "反向传值Tests/Info.plist";
				LD_RUNPATH_SEARCH_PATHS = "$(inherited) @executable_path/Frameworks @loader_path/Frameworks";
				PRODUCT_BUNDLE_IDENTIFIER = "TBB.----Tests";
				PRODUCT_NAME = "$(TARGET_NAME)";
				TEST_HOST = "$(BUILT_PRODUCTS_DIR)/反向传值.app/反向传值";
			};
			name = Release;
		};
		D833E8081F32BD5F00E4CAF2 /* Debug */ = {
			isa = XCBuildConfiguration;
			buildSettings = {
				INFOPLIST_FILE = "反向传值UITests/Info.plist";
				LD_RUNPATH_SEARCH_PATHS = "$(inherited) @executable_path/Frameworks @loader_path/Frameworks";
				PRODUCT_BUNDLE_IDENTIFIER = "TBB.----UITests";
				PRODUCT_NAME = "$(TARGET_NAME)";
				TEST_TARGET_NAME = "反向传值";
			};
			name = Debug;
		};
		D833E8091F32BD5F00E4CAF2 /* Release */ = {
			isa = XCBuildConfiguration;
			buildSettings = {
				INFOPLIST_FILE = "反向传值UITests/Info.plist";
				LD_RUNPATH_SEARCH_PATHS = "$(inherited) @executable_path/Frameworks @loader_path/Frameworks";
				PRODUCT_BUNDLE_IDENTIFIER = "TBB.----UITests";
				PRODUCT_NAME = "$(TARGET_NAME)";
				TEST_TARGET_NAME = "反向传值";
			};
			name = Release;
		};
/* End XCBuildConfiguration section */

/* Begin XCConfigurationList section */
		D833E7CC1F32BD5E00E4CAF2 /* Build configuration list for PBXProject "反向传值" */ = {
			isa = XCConfigurationList;
			buildConfigurations = (
				D833E7FF1F32BD5F00E4CAF2 /* Debug */,
				D833E8001F32BD5F00E4CAF2 /* Release */,
			);
			defaultConfigurationIsVisible = 0;
			defaultConfigurationName = Release;
		};
		D833E8011F32BD5F00E4CAF2 /* Build configuration list for PBXNativeTarget "反向传值" */ = {
			isa = XCConfigurationList;
			buildConfigurations = (
				D833E8021F32BD5F00E4CAF2 /* Debug */,
				D833E8031F32BD5F00E4CAF2 /* Release */,
			);
			defaultConfigurationIsVisible = 0;
		};
		D833E8041F32BD5F00E4CAF2 /* Build configuration list for PBXNativeTarget "反向传值Tests" */ = {
			isa = XCConfigurationList;
			buildConfigurations = (
				D833E8051F32BD5F00E4CAF2 /* Debug */,
				D833E8061F32BD5F00E4CAF2 /* Release */,
			);
			defaultConfigurationIsVisible = 0;
		};
		D833E8071F32BD5F00E4CAF2 /* Build configuration list for PBXNativeTarget "反向传值UITests" */ = {
			isa = XCConfigurationList;
			buildConfigurations = (
				D833E8081F32BD5F00E4CAF2 /* Debug */,
				D833E8091F32BD5F00E4CAF2 /* Release */,
			);
			defaultConfigurationIsVisible = 0;
		};
/* End XCConfigurationList section */

/* Begin XCVersionGroup section */
		D833E7E01F32BD5F00E4CAF2 /* ____.xcdatamodeld */ = {
			isa = XCVersionGroup;
			children = (
				D833E7E11F32BD5F00E4CAF2 /* ____.xcdatamodel */,
			);
			currentVersion = D833E7E11F32BD5F00E4CAF2 /* ____.xcdatamodel */;
			path = "____.xcdatamodeld";
			sourceTree = "<group>";
			versionGroupType = wrapper.xcdatamodel;
		};
/* End XCVersionGroup section */
	};
	rootObject = D833E7C91F32BD5E00E4CAF2 /* Project object */;
}
